// !$*UTF8*$!
{
	archiveVersion = 1;
	classes = {
	};
	objectVersion = 48;
	objects = {

/* Begin PBXBuildFile section */
		DC2484061FE4C183007E03B3 /* AppDelegate.m in Sources */ = {isa = PBXBuildFile; fileRef = DC2484051FE4C183007E03B3 /* AppDelegate.m */; };
		DC2484091FE4C183007E03B3 /* ViewController.m in Sources */ = {isa = PBXBuildFile; fileRef = DC2484081FE4C183007E03B3 /* ViewController.m */; };
		DC24840C1FE4C183007E03B3 /* Main.storyboard in Resources */ = {isa = PBXBuildFile; fileRef = DC24840A1FE4C183007E03B3 /* Main.storyboard */; };
		DC24840E1FE4C183007E03B3 /* Assets.xcassets in Resources */ = {isa = PBXBuildFile; fileRef = DC24840D1FE4C183007E03B3 /* Assets.xcassets */; };
		DC2484111FE4C183007E03B3 /* LaunchScreen.storyboard in Resources */ = {isa = PBXBuildFile; fileRef = DC24840F1FE4C183007E03B3 /* LaunchScreen.storyboard */; };
		DC2484141FE4C183007E03B3 /* main.m in Sources */ = {isa = PBXBuildFile; fileRef = DC2484131FE4C183007E03B3 /* main.m */; };
/* End PBXBuildFile section */

/* Begin PBXFileReference section */
		DC2484011FE4C183007E03B3 /* NSURLSession_Download_File.app */ = {isa = PBXFileReference; explicitFileType = wrapper.application; includeInIndex = 0; path = NSURLSession_Download_File.app; sourceTree = BUILT_PRODUCTS_DIR; };
		DC2484041FE4C183007E03B3 /* AppDelegate.h */ = {isa = PBXFileReference; lastKnownFileType = sourcecode.c.h; path = AppDelegate.h; sourceTree = "<group>"; };
		DC2484051FE4C183007E03B3 /* AppDelegate.m */ = {isa = PBXFileReference; lastKnownFileType = sourcecode.c.objc; path = AppDelegate.m; sourceTree = "<group>"; };
		DC2484071FE4C183007E03B3 /* ViewController.h */ = {isa = PBXFileReference; lastKnownFileType = sourcecode.c.h; path = ViewController.h; sourceTree = "<group>"; };
		DC2484081FE4C183007E03B3 /* ViewController.m */ = {isa = PBXFileReference; lastKnownFileType = sourcecode.c.objc; path = ViewController.m; sourceTree = "<group>"; };
		DC24840B1FE4C183007E03B3 /* Base */ = {isa = PBXFileReference; lastKnownFileType = file.storyboard; name = Base; path = Base.lproj/Main.storyboard; sourceTree = "<group>"; };
		DC24840D1FE4C183007E03B3 /* Assets.xcassets */ = {isa = PBXFileReference; lastKnownFileType = folder.assetcatalog; path = Assets.xcassets; sourceTree = "<group>"; };
		DC2484101FE4C183007E03B3 /* Base */ = {isa = PBXFileReference; lastKnownFileType = file.storyboard; name = Base; path = Base.lproj/LaunchScreen.storyboard; sourceTree = "<group>"; };
		DC2484121FE4C183007E03B3 /* Info.plist */ = {isa = PBXFileReference; lastKnownFileType = text.plist.xml; path = Info.plist; sourceTree = "<group>"; };
		DC2484131FE4C183007E03B3 /* main.m */ = {isa = PBXFileReference; lastKnownFileType = sourcecode.c.objc; path = main.m; sourceTree = "<group>"; };
/* End PBXFileReference section */

/* Begin PBXFrameworksBuildPhase section */
		DC2483FE1FE4C183007E03B3 /* Frameworks */ = {
			isa = PBXFrameworksBuildPhase;
			buildActionMask = 2147483647;
			files = (
			);
			runOnlyForDeploymentPostprocessing = 0;
		};
/* End PBXFrameworksBuildPhase section */

/* Begin PBXGroup section */
		DC2483F81FE4C183007E03B3 = {
			isa = PBXGroup;
			children = (
				DC2484031FE4C183007E03B3 /* NSURLSession_Download_File */,
				DC2484021FE4C183007E03B3 /* Products */,
			);
			sourceTree = "<group>";
		};
		DC2484021FE4C183007E03B3 /* Products */ = {
			isa = PBXGroup;
			children = (
				DC2484011FE4C183007E03B3 /* NSURLSession_Download_File.app */,
			);
			name = Products;
			sourceTree = "<group>";
		};
		DC2484031FE4C183007E03B3 /* NSURLSession_Download_File */ = {
			isa = PBXGroup;
			children = (
				DC2484041FE4C183007E03B3 /* AppDelegate.h */,
				DC2484051FE4C183007E03B3 /* AppDelegate.m */,
				DC2484071FE4C183007E03B3 /* ViewController.h */,
				DC2484081FE4C183007E03B3 /* ViewController.m */,
				DC24840A1FE4C183007E03B3 /* Main.storyboard */,
				DC24840D1FE4C183007E03B3 /* Assets.xcassets */,
				DC24840F1FE4C183007E03B3 /* LaunchScreen.storyboard */,
				DC2484121FE4C183007E03B3 /* Info.plist */,
				DC2484131FE4C183007E03B3 /* main.m */,
			);
			path = NSURLSession_Download_File;
			sourceTree = "<group>";
		};
/* End PBXGroup section */

/* Begin PBXNativeTarget section */
		DC2484001FE4C183007E03B3 /* NSURLSession_Download_File */ = {
			isa = PBXNativeTarget;
			buildConfigurationList = DC2484171FE4C183007E03B3 /* Build configuration list for PBXNativeTarget "NSURLSession_Download_File" */;
			buildPhases = (
				DC2483FD1FE4C183007E03B3 /* Sources */,
				DC2483FE1FE4C183007E03B3 /* Frameworks */,
				DC2483FF1FE4C183007E03B3 /* Resources */,
			);
			buildRules = (
			);
			dependencies = (
			);
			name = NSURLSession_Download_File;
			productName = NSURLSession_Download_File;
			productReference = DC2484011FE4C183007E03B3 /* NSURLSession_Download_File.app */;
			productType = "com.apple.product-type.application";
		};
/* End PBXNativeTarget section */

/* Begin PBXProject section */
		DC2483F91FE4C183007E03B3 /* Project object */ = {
			isa = PBXProject;
			attributes = {
				LastUpgradeCheck = 0910;
				ORGANIZATIONNAME = Felix;
				TargetAttributes = {
					DC2484001FE4C183007E03B3 = {
						CreatedOnToolsVersion = 9.1;
						ProvisioningStyle = Automatic;
					};
				};
			};
			buildConfigurationList = DC2483FC1FE4C183007E03B3 /* Build configuration list for PBXProject "NSURLSession_Download_File" */;
			compatibilityVersion = "Xcode 8.0";
			developmentRegion = en;
			hasScannedForEncodings = 0;
			knownRegions = (
				en,
				Base,
			);
			mainGroup = DC2483F81FE4C183007E03B3;
			productRefGroup = DC2484021FE4C183007E03B3 /* Products */;
			projectDirPath = "";
			projectRoot = "";
			targets = (
				DC2484001FE4C183007E03B3 /* NSURLSession_Download_File */,
			);
		};
/* End PBXProject section */

/* Begin PBXResourcesBuildPhase section */
		DC2483FF1FE4C183007E03B3 /* Resources */ = {
			isa = PBXResourcesBuildPhase;
			buildActionMask = 2147483647;
			files = (
				DC2484111FE4C183007E03B3 /* LaunchScreen.storyboard in Resources */,
				DC24840E1FE4C183007E03B3 /* Assets.xcassets in Resources */,
				DC24840C1FE4C183007E03B3 /* Main.storyboard in Resources */,
			);
			runOnlyForDeploymentPostprocessing = 0;
		};
/* End PBXResourcesBuildPhase section */

/* Begin PBXSourcesBuildPhase section */
		DC2483FD1FE4C183007E03B3 /* Sources */ = {
			isa = PBXSourcesBuildPhase;
			buildActionMask = 2147483647;
			files = (
				DC2484091FE4C183007E03B3 /* ViewController.m in Sources */,
				DC2484141FE4C183007E03B3 /* main.m in Sources */,
				DC2484061FE4C183007E03B3 /* AppDelegate.m in Sources */,
			);
			runOnlyForDeploymentPostprocessing = 0;
		};
/* End PBXSourcesBuildPhase section */

/* Begin PBXVariantGroup section */
		DC24840A1FE4C183007E03B3 /* Main.storyboard */ = {
			isa = PBXVariantGroup;
			children = (
				DC24840B1FE4C183007E03B3 /* Base */,
			);
			name = Main.storyboard;
			sourceTree = "<group>";
		};
		DC24840F1FE4C183007E03B3 /* LaunchScreen.storyboard */ = {
			isa = PBXVariantGroup;
			children = (
				DC2484101FE4C183007E03B3 /* Base */,
			);
			name = LaunchScreen.storyboard;
			sourceTree = "<group>";
		};
/* End PBXVariantGroup section */

/* Begin XCBuildConfiguration section */
		DC2484151FE4C183007E03B3 /* Debug */ = {
			isa = XCBuildConfiguration;
			buildSettings = {
				ALWAYS_SEARCH_USER_PATHS = NO;
				CLANG_ANALYZER_NONNULL = YES;
				CLANG_ANALYZER_NUMBER_OBJECT_CONVERSION = YES_AGGRESSIVE;
				CLANG_CXX_LANGUAGE_STANDARD = "gnu++14";
				CLANG_CXX_LIBRARY = "libc++";
				CLANG_ENABLE_MODULES = YES;
				CLANG_ENABLE_OBJC_ARC = YES;
				CLANG_WARN_BLOCK_CAPTURE_AUTORELEASING = YES;
				CLANG_WARN_BOOL_CONVERSION = YES;
				CLANG_WARN_COMMA = YES;
				CLANG_WARN_CONSTANT_CONVERSION = YES;
				CLANG_WARN_DIRECT_OBJC_ISA_USAGE = YES_ERROR;
				CLANG_WARN_DOCUMENTATION_COMMENTS = YES;
				CLANG_WARN_EMPTY_BODY = YES;
				CLANG_WARN_ENUM_CONVERSION = YES;
				CLANG_WARN_INFINITE_RECURSION = YES;
				CLANG_WARN_INT_CONVERSION = YES;
				CLANG_WARN_NON_LITERAL_NULL_CONVERSION = YES;
				CLANG_WARN_OBJC_LITERAL_CONVERSION = YES;
				CLANG_WARN_OBJC_ROOT_CLASS = YES_ERROR;
				CLANG_WARN_RANGE_LOOP_ANALYSIS = YES;
				CLANG_WARN_STRICT_PROTOTYPES = YES;
				CLANG_WARN_SUSPICIOUS_MOVE = YES;
				CLANG_WARN_UNGUARDED_AVAILABILITY = YES_AGGRESSIVE;
				CLANG_WARN_UNREACHABLE_CODE = YES;
				CLANG_WARN__DUPLICATE_METHOD_MATCH = YES;
				CODE_SIGN_IDENTITY = "iPhone Developer";
				COPY_PHASE_STRIP = NO;
				DEBUG_INFORMATION_FORMAT = dwarf;
				ENABLE_STRICT_OBJC_MSGSEND = YES;
				ENABLE_TESTABILITY = YES;
				GCC_C_LANGUAGE_STANDARD = gnu11;
				GCC_DYNAMIC_NO_PIC = NO;
				GCC_NO_COMMON_BLOCKS = YES;
				GCC_OPTIMIZATION_LEVEL = 0;
				GCC_PREPROCESSOR_DEFINITIONS = (
					"DEBUG=1",
					"$(inherited)",
				);
				GCC_WARN_64_TO_32_BIT_CONVERSION = YES;
				GCC_WARN_ABOUT_RETURN_TYPE = YES_ERROR;
				GCC_WARN_UNDECLARED_SELECTOR = YES;
				GCC_WARN_UNINITIALIZED_AUTOS = YES_AGGRESSIVE;
				GCC_WARN_UNUSED_FUNCTION = YES;
				GCC_WARN_UNUSED_VARIABLE = YES;
				IPHONEOS_DEPLOYMENT_TARGET = 11.1;
				MTL_ENABLE_DEBUG_INFO = YES;
				ONLY_ACTIVE_ARCH = YES;
				SDKROOT = iphoneos;
			};
			name = Debug;
		};
		DC2484161FE4C183007E03B3 /* Release */ = {
			isa = XCBuildConfiguration;
			buildSettings = {
				ALWAYS_SEARCH_USER_PATHS = NO;
				CLANG_ANALYZER_NONNULL = YES;
				CLANG_ANALYZER_NUMBER_OBJECT_CONVERSION = YES_AGGRESSIVE;
				CLANG_CXX_LANGUAGE_STANDARD = "gnu++14";
				CLANG_CXX_LIBRARY = "libc++";
				CLANG_ENABLE_MODULES = YES;
				CLANG_ENABLE_OBJC_ARC = YES;
				CLANG_WARN_BLOCK_CAPTURE_AUTORELEASING = YES;
				CLANG_WARN_BOOL_CONVERSION = YES;
				CLANG_WARN_COMMA = YES;
				CLANG_WARN_CONSTANT_CONVERSION = YES;
				CLANG_WARN_DIRECT_OBJC_ISA_USAGE = YES_ERROR;
				CLANG_WARN_DOCUMENTATION_COMMENTS = YES;
				CLANG_WARN_EMPTY_BODY = YES;
				CLANG_WARN_ENUM_CONVERSION = YES;
				CLANG_WARN_INFINITE_RECURSION = YES;
				CLANG_WARN_INT_CONVERSION = YES;
				CLANG_WARN_NON_LITERAL_NULL_CONVERSION = YES;
				CLANG_WARN_OBJC_LITERAL_CONVERSION = YES;
				CLANG_WARN_OBJC_ROOT_CLASS = YES_ERROR;
				CLANG_WARN_RANGE_LOOP_ANALYSIS = YES;
				CLANG_WARN_STRICT_PROTOTYPES = YES;
				CLANG_WARN_SUSPICIOUS_MOVE = YES;
				CLANG_WARN_UNGUARDED_AVAILABILITY = YES_AGGRESSIVE;
				CLANG_WARN_UNREACHABLE_CODE = YES;
				CLANG_WARN__DUPLICATE_METHOD_MATCH = YES;
				CODE_SIGN_IDENTITY = "iPhone Developer";
				COPY_PHASE_STRIP = NO;
				DEBUG_INFORMATION_FORMAT = "dwarf-with-dsym";
				ENABLE_NS_ASSERTIONS = NO;
				ENABLE_STRICT_OBJC_MSGSEND = YES;
				GCC_C_LANGUAGE_STANDARD = gnu11;
				GCC_NO_COMMON_BLOCKS = YES;
				GCC_WARN_64_TO_32_BIT_CONVERSION = YES;
				GCC_WARN_ABOUT_RETURN_TYPE = YES_ERROR;
				GCC_WARN_UNDECLARED_SELECTOR = YES;
				GCC_WARN_UNINITIALIZED_AUTOS = YES_AGGRESSIVE;
				GCC_WARN_UNUSED_FUNCTION = YES;
				GCC_WARN_UNUSED_VARIABLE = YES;
				IPHONEOS_DEPLOYMENT_TARGET = 11.1;
				MTL_ENABLE_DEBUG_INFO = NO;
				SDKROOT = iphoneos;
				VALIDATE_PRODUCT = YES;
			};
			name = Release;
		};
		DC2484181FE4C183007E03B3 /* Debug */ = {
			isa = XCBuildConfiguration;
			buildSettings = {
				ASSETCATALOG_COMPILER_APPICON_NAME = AppIcon;
				CODE_SIGN_STYLE = Automatic;
				INFOPLIST_FILE = NSURLSession_Download_File/Info.plist;
				LD_RUNPATH_SEARCH_PATHS = "$(inherited) @executable_path/Frameworks";
				PRODUCT_BUNDLE_IDENTIFIER = "sbs.cn.NSURLSession-Download-File";
				PRODUCT_NAME = "$(TARGET_NAME)";
				TARGETED_DEVICE_FAMILY = "1,2";
			};
			name = Debug;
		};
		DC2484191FE4C183007E03B3 /* Release */ = {
			isa = XCBuildConfiguration;
			buildSettings = {
				ASSETCATALOG_COMPILER_APPICON_NAME = AppIcon;
				CODE_SIGN_STYLE = Automatic;
				INFOPLIST_FILE = NSURLSession_Download_File/Info.plist;
				LD_RUNPATH_SEARCH_PATHS = "$(inherited) @executable_path/Frameworks";
				PRODUCT_BUNDLE_IDENTIFIER = "sbs.cn.NSURLSession-Download-File";
				PRODUCT_NAME = "$(TARGET_NAME)";
				TARGETED_DEVICE_FAMILY = "1,2";
			};
			name = Release;
		};
/* End XCBuildConfiguration section */

/* Begin XCConfigurationList section */
		DC2483FC1FE4C183007E03B3 /* Build configuration list for PBXProject "NSURLSession_Download_File" */ = {
			isa = XCConfigurationList;
			buildConfigurations = (
				DC2484151FE4C183007E03B3 /* Debug */,
				DC2484161FE4C183007E03B3 /* Release */,
			);
			defaultConfigurationIsVisible = 0;
			defaultConfigurationName = Release;
		};
		DC2484171FE4C183007E03B3 /* Build configuration list for PBXNativeTarget "NSURLSession_Download_File" */ = {
			isa = XCConfigurationList;
			buildConfigurations = (
				DC2484181FE4C183007E03B3 /* Debug */,
				DC2484191FE4C183007E03B3 /* Release */,
			);
			defaultConfigurationIsVisible = 0;
			defaultConfigurationName = Release;
		};
/* End XCConfigurationList section */
	};
	rootObject = DC2483F91FE4C183007E03B3 /* Project object */;
}
