// !$*UTF8*$!
{
	archiveVersion = 1;
	classes = {
	};
	objectVersion = 48;
	objects = {

/* Begin PBXBuildFile section */
		DCFFD3E01FBC600100ADC368 /* AppDelegate.m in Sources */ = {isa = PBXBuildFile; fileRef = DCFFD3DF1FBC600100ADC368 /* AppDelegate.m */; };
		DCFFD3E31FBC600100ADC368 /* ViewController.m in Sources */ = {isa = PBXBuildFile; fileRef = DCFFD3E21FBC600100ADC368 /* ViewController.m */; };
		DCFFD3E61FBC600100ADC368 /* Main.storyboard in Resources */ = {isa = PBXBuildFile; fileRef = DCFFD3E41FBC600100ADC368 /* Main.storyboard */; };
		DCFFD3E81FBC600100ADC368 /* Assets.xcassets in Resources */ = {isa = PBXBuildFile; fileRef = DCFFD3E71FBC600100ADC368 /* Assets.xcassets */; };
		DCFFD3EB1FBC600100ADC368 /* LaunchScreen.storyboard in Resources */ = {isa = PBXBuildFile; fileRef = DCFFD3E91FBC600100ADC368 /* LaunchScreen.storyboard */; };
		DCFFD3EE1FBC600100ADC368 /* main.m in Sources */ = {isa = PBXBuildFile; fileRef = DCFFD3ED1FBC600100ADC368 /* main.m */; };
/* End PBXBuildFile section */

/* Begin PBXFileReference section */
		DCFFD3DB1FBC600100ADC368 /* NSURLConnect_OC.app */ = {isa = PBXFileReference; explicitFileType = wrapper.application; includeInIndex = 0; path = NSURLConnect_OC.app; sourceTree = BUILT_PRODUCTS_DIR; };
		DCFFD3DE1FBC600100ADC368 /* AppDelegate.h */ = {isa = PBXFileReference; lastKnownFileType = sourcecode.c.h; path = AppDelegate.h; sourceTree = "<group>"; };
		DCFFD3DF1FBC600100ADC368 /* AppDelegate.m */ = {isa = PBXFileReference; lastKnownFileType = sourcecode.c.objc; path = AppDelegate.m; sourceTree = "<group>"; };
		DCFFD3E11FBC600100ADC368 /* ViewController.h */ = {isa = PBXFileReference; lastKnownFileType = sourcecode.c.h; path = ViewController.h; sourceTree = "<group>"; };
		DCFFD3E21FBC600100ADC368 /* ViewController.m */ = {isa = PBXFileReference; lastKnownFileType = sourcecode.c.objc; path = ViewController.m; sourceTree = "<group>"; };
		DCFFD3E51FBC600100ADC368 /* Base */ = {isa = PBXFileReference; lastKnownFileType = file.storyboard; name = Base; path = Base.lproj/Main.storyboard; sourceTree = "<group>"; };
		DCFFD3E71FBC600100ADC368 /* Assets.xcassets */ = {isa = PBXFileReference; lastKnownFileType = folder.assetcatalog; path = Assets.xcassets; sourceTree = "<group>"; };
		DCFFD3EA1FBC600100ADC368 /* Base */ = {isa = PBXFileReference; lastKnownFileType = file.storyboard; name = Base; path = Base.lproj/LaunchScreen.storyboard; sourceTree = "<group>"; };
		DCFFD3EC1FBC600100ADC368 /* Info.plist */ = {isa = PBXFileReference; lastKnownFileType = text.plist.xml; path = Info.plist; sourceTree = "<group>"; };
		DCFFD3ED1FBC600100ADC368 /* main.m */ = {isa = PBXFileReference; lastKnownFileType = sourcecode.c.objc; path = main.m; sourceTree = "<group>"; };
/* End PBXFileReference section */

/* Begin PBXFrameworksBuildPhase section */
		DCFFD3D81FBC600100ADC368 /* Frameworks */ = {
			isa = PBXFrameworksBuildPhase;
			buildActionMask = 2147483647;
			files = (
			);
			runOnlyForDeploymentPostprocessing = 0;
		};
/* End PBXFrameworksBuildPhase section */

/* Begin PBXGroup section */
		DCFFD3D21FBC600100ADC368 = {
			isa = PBXGroup;
			children = (
				DCFFD3DD1FBC600100ADC368 /* NSURLConnect_OC */,
				DCFFD3DC1FBC600100ADC368 /* Products */,
			);
			sourceTree = "<group>";
		};
		DCFFD3DC1FBC600100ADC368 /* Products */ = {
			isa = PBXGroup;
			children = (
				DCFFD3DB1FBC600100ADC368 /* NSURLConnect_OC.app */,
			);
			name = Products;
			sourceTree = "<group>";
		};
		DCFFD3DD1FBC600100ADC368 /* NSURLConnect_OC */ = {
			isa = PBXGroup;
			children = (
				DCFFD3DE1FBC600100ADC368 /* AppDelegate.h */,
				DCFFD3DF1FBC600100ADC368 /* AppDelegate.m */,
				DCFFD3E11FBC600100ADC368 /* ViewController.h */,
				DCFFD3E21FBC600100ADC368 /* ViewController.m */,
				DCFFD3E41FBC600100ADC368 /* Main.storyboard */,
				DCFFD3E71FBC600100ADC368 /* Assets.xcassets */,
				DCFFD3E91FBC600100ADC368 /* LaunchScreen.storyboard */,
				DCFFD3EC1FBC600100ADC368 /* Info.plist */,
				DCFFD3ED1FBC600100ADC368 /* main.m */,
			);
			path = NSURLConnect_OC;
			sourceTree = "<group>";
		};
/* End PBXGroup section */

/* Begin PBXNativeTarget section */
		DCFFD3DA1FBC600100ADC368 /* NSURLConnect_OC */ = {
			isa = PBXNativeTarget;
			buildConfigurationList = DCFFD3F11FBC600100ADC368 /* Build configuration list for PBXNativeTarget "NSURLConnect_OC" */;
			buildPhases = (
				DCFFD3D71FBC600100ADC368 /* Sources */,
				DCFFD3D81FBC600100ADC368 /* Frameworks */,
				DCFFD3D91FBC600100ADC368 /* Resources */,
			);
			buildRules = (
			);
			dependencies = (
			);
			name = NSURLConnect_OC;
			productName = NSURLConnect_OC;
			productReference = DCFFD3DB1FBC600100ADC368 /* NSURLConnect_OC.app */;
			productType = "com.apple.product-type.application";
		};
/* End PBXNativeTarget section */

/* Begin PBXProject section */
		DCFFD3D31FBC600100ADC368 /* Project object */ = {
			isa = PBXProject;
			attributes = {
				LastUpgradeCheck = 0910;
				ORGANIZATIONNAME = Felix;
				TargetAttributes = {
					DCFFD3DA1FBC600100ADC368 = {
						CreatedOnToolsVersion = 9.1;
						ProvisioningStyle = Automatic;
					};
				};
			};
			buildConfigurationList = DCFFD3D61FBC600100ADC368 /* Build configuration list for PBXProject "NSURLConnect_OC" */;
			compatibilityVersion = "Xcode 8.0";
			developmentRegion = en;
			hasScannedForEncodings = 0;
			knownRegions = (
				en,
				Base,
			);
			mainGroup = DCFFD3D21FBC600100ADC368;
			productRefGroup = DCFFD3DC1FBC600100ADC368 /* Products */;
			projectDirPath = "";
			projectRoot = "";
			targets = (
				DCFFD3DA1FBC600100ADC368 /* NSURLConnect_OC */,
			);
		};
/* End PBXProject section */

/* Begin PBXResourcesBuildPhase section */
		DCFFD3D91FBC600100ADC368 /* Resources */ = {
			isa = PBXResourcesBuildPhase;
			buildActionMask = 2147483647;
			files = (
				DCFFD3EB1FBC600100ADC368 /* LaunchScreen.storyboard in Resources */,
				DCFFD3E81FBC600100ADC368 /* Assets.xcassets in Resources */,
				DCFFD3E61FBC600100ADC368 /* Main.storyboard in Resources */,
			);
			runOnlyForDeploymentPostprocessing = 0;
		};
/* End PBXResourcesBuildPhase section */

/* Begin PBXSourcesBuildPhase section */
		DCFFD3D71FBC600100ADC368 /* Sources */ = {
			isa = PBXSourcesBuildPhase;
			buildActionMask = 2147483647;
			files = (
				DCFFD3E31FBC600100ADC368 /* ViewController.m in Sources */,
				DCFFD3EE1FBC600100ADC368 /* main.m in Sources */,
				DCFFD3E01FBC600100ADC368 /* AppDelegate.m in Sources */,
			);
			runOnlyForDeploymentPostprocessing = 0;
		};
/* End PBXSourcesBuildPhase section */

/* Begin PBXVariantGroup section */
		DCFFD3E41FBC600100ADC368 /* Main.storyboard */ = {
			isa = PBXVariantGroup;
			children = (
				DCFFD3E51FBC600100ADC368 /* Base */,
			);
			name = Main.storyboard;
			sourceTree = "<group>";
		};
		DCFFD3E91FBC600100ADC368 /* LaunchScreen.storyboard */ = {
			isa = PBXVariantGroup;
			children = (
				DCFFD3EA1FBC600100ADC368 /* Base */,
			);
			name = LaunchScreen.storyboard;
			sourceTree = "<group>";
		};
/* End PBXVariantGroup section */

/* Begin XCBuildConfiguration section */
		DCFFD3EF1FBC600100ADC368 /* Debug */ = {
			isa = XCBuildConfiguration;
			buildSettings = {
				ALWAYS_SEARCH_USER_PATHS = NO;
				CLANG_ANALYZER_NONNULL = YES;
				CLANG_ANALYZER_NUMBER_OBJECT_CONVERSION = YES_AGGRESSIVE;
				CLANG_CXX_LANGUAGE_STANDARD = "gnu++14";
				CLANG_CXX_LIBRARY = "libc++";
				CLANG_ENABLE_MODULES = YES;
				CLANG_ENABLE_OBJC_ARC = YES;
				CLANG_WARN_BLOCK_CAPTURE_AUTORELEASING = YES;
				CLANG_WARN_BOOL_CONVERSION = YES;
				CLANG_WARN_COMMA = YES;
				CLANG_WARN_CONSTANT_CONVERSION = YES;
				CLANG_WARN_DIRECT_OBJC_ISA_USAGE = YES_ERROR;
				CLANG_WARN_DOCUMENTATION_COMMENTS = YES;
				CLANG_WARN_EMPTY_BODY = YES;
				CLANG_WARN_ENUM_CONVERSION = YES;
				CLANG_WARN_INFINITE_RECURSION = YES;
				CLANG_WARN_INT_CONVERSION = YES;
				CLANG_WARN_NON_LITERAL_NULL_CONVERSION = YES;
				CLANG_WARN_OBJC_LITERAL_CONVERSION = YES;
				CLANG_WARN_OBJC_ROOT_CLASS = YES_ERROR;
				CLANG_WARN_RANGE_LOOP_ANALYSIS = YES;
				CLANG_WARN_STRICT_PROTOTYPES = YES;
				CLANG_WARN_SUSPICIOUS_MOVE = YES;
				CLANG_WARN_UNGUARDED_AVAILABILITY = YES_AGGRESSIVE;
				CLANG_WARN_UNREACHABLE_CODE = YES;
				CLANG_WARN__DUPLICATE_METHOD_MATCH = YES;
				CODE_SIGN_IDENTITY = "iPhone Developer";
				COPY_PHASE_STRIP = NO;
				DEBUG_INFORMATION_FORMAT = dwarf;
				ENABLE_STRICT_OBJC_MSGSEND = YES;
				ENABLE_TESTABILITY = YES;
				GCC_C_LANGUAGE_STANDARD = gnu11;
				GCC_DYNAMIC_NO_PIC = NO;
				GCC_NO_COMMON_BLOCKS = YES;
				GCC_OPTIMIZATION_LEVEL = 0;
				GCC_PREPROCESSOR_DEFINITIONS = (
					"DEBUG=1",
					"$(inherited)",
				);
				GCC_WARN_64_TO_32_BIT_CONVERSION = YES;
				GCC_WARN_ABOUT_RETURN_TYPE = YES_ERROR;
				GCC_WARN_UNDECLARED_SELECTOR = YES;
				GCC_WARN_UNINITIALIZED_AUTOS = YES_AGGRESSIVE;
				GCC_WARN_UNUSED_FUNCTION = YES;
				GCC_WARN_UNUSED_VARIABLE = YES;
				IPHONEOS_DEPLOYMENT_TARGET = 11.1;
				MTL_ENABLE_DEBUG_INFO = YES;
				ONLY_ACTIVE_ARCH = YES;
				SDKROOT = iphoneos;
			};
			name = Debug;
		};
		DCFFD3F01FBC600100ADC368 /* Release */ = {
			isa = XCBuildConfiguration;
			buildSettings = {
				ALWAYS_SEARCH_USER_PATHS = NO;
				CLANG_ANALYZER_NONNULL = YES;
				CLANG_ANALYZER_NUMBER_OBJECT_CONVERSION = YES_AGGRESSIVE;
				CLANG_CXX_LANGUAGE_STANDARD = "gnu++14";
				CLANG_CXX_LIBRARY = "libc++";
				CLANG_ENABLE_MODULES = YES;
				CLANG_ENABLE_OBJC_ARC = YES;
				CLANG_WARN_BLOCK_CAPTURE_AUTORELEASING = YES;
				CLANG_WARN_BOOL_CONVERSION = YES;
				CLANG_WARN_COMMA = YES;
				CLANG_WARN_CONSTANT_CONVERSION = YES;
				CLANG_WARN_DIRECT_OBJC_ISA_USAGE = YES_ERROR;
				CLANG_WARN_DOCUMENTATION_COMMENTS = YES;
				CLANG_WARN_EMPTY_BODY = YES;
				CLANG_WARN_ENUM_CONVERSION = YES;
				CLANG_WARN_INFINITE_RECURSION = YES;
				CLANG_WARN_INT_CONVERSION = YES;
				CLANG_WARN_NON_LITERAL_NULL_CONVERSION = YES;
				CLANG_WARN_OBJC_LITERAL_CONVERSION = YES;
				CLANG_WARN_OBJC_ROOT_CLASS = YES_ERROR;
				CLANG_WARN_RANGE_LOOP_ANALYSIS = YES;
				CLANG_WARN_STRICT_PROTOTYPES = YES;
				CLANG_WARN_SUSPICIOUS_MOVE = YES;
				CLANG_WARN_UNGUARDED_AVAILABILITY = YES_AGGRESSIVE;
				CLANG_WARN_UNREACHABLE_CODE = YES;
				CLANG_WARN__DUPLICATE_METHOD_MATCH = YES;
				CODE_SIGN_IDENTITY = "iPhone Developer";
				COPY_PHASE_STRIP = NO;
				DEBUG_INFORMATION_FORMAT = "dwarf-with-dsym";
				ENABLE_NS_ASSERTIONS = NO;
				ENABLE_STRICT_OBJC_MSGSEND = YES;
				GCC_C_LANGUAGE_STANDARD = gnu11;
				GCC_NO_COMMON_BLOCKS = YES;
				GCC_WARN_64_TO_32_BIT_CONVERSION = YES;
				GCC_WARN_ABOUT_RETURN_TYPE = YES_ERROR;
				GCC_WARN_UNDECLARED_SELECTOR = YES;
				GCC_WARN_UNINITIALIZED_AUTOS = YES_AGGRESSIVE;
				GCC_WARN_UNUSED_FUNCTION = YES;
				GCC_WARN_UNUSED_VARIABLE = YES;
				IPHONEOS_DEPLOYMENT_TARGET = 11.1;
				MTL_ENABLE_DEBUG_INFO = NO;
				SDKROOT = iphoneos;
				VALIDATE_PRODUCT = YES;
			};
			name = Release;
		};
		DCFFD3F21FBC600100ADC368 /* Debug */ = {
			isa = XCBuildConfiguration;
			buildSettings = {
				ASSETCATALOG_COMPILER_APPICON_NAME = AppIcon;
				CODE_SIGN_STYLE = Automatic;
				INFOPLIST_FILE = NSURLConnect_OC/Info.plist;
				IPHONEOS_DEPLOYMENT_TARGET = 11.1;
				LD_RUNPATH_SEARCH_PATHS = "$(inherited) @executable_path/Frameworks";
				PRODUCT_BUNDLE_IDENTIFIER = "sbs.cn.NSURLConnect-OC";
				PRODUCT_NAME = "$(TARGET_NAME)";
				TARGETED_DEVICE_FAMILY = "1,2";
			};
			name = Debug;
		};
		DCFFD3F31FBC600100ADC368 /* Release */ = {
			isa = XCBuildConfiguration;
			buildSettings = {
				ASSETCATALOG_COMPILER_APPICON_NAME = AppIcon;
				CODE_SIGN_STYLE = Automatic;
				INFOPLIST_FILE = NSURLConnect_OC/Info.plist;
				IPHONEOS_DEPLOYMENT_TARGET = 11.1;
				LD_RUNPATH_SEARCH_PATHS = "$(inherited) @executable_path/Frameworks";
				PRODUCT_BUNDLE_IDENTIFIER = "sbs.cn.NSURLConnect-OC";
				PRODUCT_NAME = "$(TARGET_NAME)";
				TARGETED_DEVICE_FAMILY = "1,2";
			};
			name = Release;
		};
/* End XCBuildConfiguration section */

/* Begin XCConfigurationList section */
		DCFFD3D61FBC600100ADC368 /* Build configuration list for PBXProject "NSURLConnect_OC" */ = {
			isa = XCConfigurationList;
			buildConfigurations = (
				DCFFD3EF1FBC600100ADC368 /* Debug */,
				DCFFD3F01FBC600100ADC368 /* Release */,
			);
			defaultConfigurationIsVisible = 0;
			defaultConfigurationName = Release;
		};
		DCFFD3F11FBC600100ADC368 /* Build configuration list for PBXNativeTarget "NSURLConnect_OC" */ = {
			isa = XCConfigurationList;
			buildConfigurations = (
				DCFFD3F21FBC600100ADC368 /* Debug */,
				DCFFD3F31FBC600100ADC368 /* Release */,
			);
			defaultConfigurationIsVisible = 0;
			defaultConfigurationName = Release;
		};
/* End XCConfigurationList section */
	};
	rootObject = DCFFD3D31FBC600100ADC368 /* Project object */;
}
